
Microsoft Visual Studio Solution File, Format Version 12.00
# Visual Studio 15
VisualStudioVersion = 15.0.26403.0
MinimumVisualStudioVersion = 10.0.40219.1
Project("{8BC9CEB8-8B4A-11D0-8D11-00A0C91BC942}") = "SFML", "SFML\SFML.vcxproj", "{7FE70A3A-8A54-42F5-B4B9-F7FB2B9A19E3}"
EndProject
Project("{2150E333-8FDC-42A3-9474-1A3956D46DE8}") = "Solution Items", "Solution Items", "{CCC76B4E-F878-482F-976B-95E4D012B062}"
	ProjectSection(SolutionItems) = preProject
		README.md = README.md
	EndProjectSection
EndProject
Global
	GlobalSection(SolutionConfigurationPlatforms) = preSolution
		Debug|x64 = Debug|x64
		Debug|x86 = Debug|x86
		Release|x64 = Release|x64
		Release|x86 = Release|x86
	EndGlobalSection
	GlobalSection(ProjectConfigurationPlatforms) = postSolution
		{7FE70A3A-8A54-42F5-B4B9-F7FB2B9A19E3}.Debug|x64.ActiveCfg = Debug|x64
		{7FE70A3A-8A54-42F5-B4B9-F7FB2B9A19E3}.Debug|x64.Build.0 = Debug|x64
		{7FE70A3A-8A54-42F5-B4B9-F7FB2B9A19E3}.Debug|x86.ActiveCfg = Debug|Win32
		{7FE70A3A-8A54-42F5-B4B9-F7FB2B9A19E3}.Debug|x86.Build.0 = Debug|Win32
		{7FE70A3A-8A54-42F5-B4B9-F7FB2B9A19E3}.Release|x64.ActiveCfg = Release|x64
		{7FE70A3A-8A54-42F5-B4B9-F7FB2B9A19E3}.Release|x64.Build.0 = Release|x64
		{7FE70A3A-8A54-42F5-B4B9-F7FB2B9A19E3}.Release|x86.ActiveCfg = Release|Win32
		{7FE70A3A-8A54-42F5-B4B9-F7FB2B9A19E3}.Release|x86.Build.0 = Release|Win32
	EndGlobalSection
	GlobalSection(SolutionProperties) = preSolution
		HideSolutionNode = FALSE
	EndGlobalSection
EndGlobal
